
Microsoft Visual Studio Solution File, Format Version 12.00
# Visual Studio 15
VisualStudioVersion = 15.0.28307.421
MinimumVisualStudioVersion = 10.0.40219.1
Project("{8BC9CEB8-8B4A-11D0-8D11-00A0C91BC942}") = "RayTracer", "RayTracer\RayTracer.vcxproj", "{5E666E79-C7AC-49FD-A69C-C591AAC803E3}"
EndProject
Global
	GlobalSection(SolutionConfigurationPlatforms) = preSolution
		Debug|x64 = Debug|x64
		Debug|x86 = Debug|x86
		Release|x64 = Release|x64
		Release|x86 = Release|x86
	EndGlobalSection
	GlobalSection(ProjectConfigurationPlatforms) = postSolution
		{5E666E79-C7AC-49FD-A69C-C591AAC803E3}.Debug|x64.ActiveCfg = Debug|x64
		{5E666E79-C7AC-49FD-A69C-C591AAC803E3}.Debug|x64.Build.0 = Debug|x64
		{5E666E79-C7AC-49FD-A69C-C591AAC803E3}.Debug|x86.ActiveCfg = Debug|Win32
		{5E666E79-C7AC-49FD-A69C-C591AAC803E3}.Debug|x86.Build.0 = Debug|Win32
		{5E666E79-C7AC-49FD-A69C-C591AAC803E3}.Release|x64.ActiveCfg = Release|x64
		{5E666E79-C7AC-49FD-A69C-C591AAC803E3}.Release|x64.Build.0 = Release|x64
		{5E666E79-C7AC-49FD-A69C-C591AAC803E3}.Release|x86.ActiveCfg = Release|Win32
		{5E666E79-C7AC-49FD-A69C-C591AAC803E3}.Release|x86.Build.0 = Release|Win32
	EndGlobalSection
	GlobalSection(SolutionProperties) = preSolution
		HideSolutionNode = FALSE
	EndGlobalSection
	GlobalSection(ExtensibilityGlobals) = postSolution
		SolutionGuid = {30BD5BE9-831D-4E87-B866-5BA66BB1F16E}
	EndGlobalSection
EndGlobal
